{
  "name": "home-sweet-home",
  "version": "1.0.0",
  "lockfileVersion": 3,
  "requires": true,
  "packages": {
    "": {
      "name": "home-sweet-home",
      "version": "1.0.0",
      "devDependencies": {
        "turbo": "^2.3.0",
        "typescript": "~5.9.2"
      }
    },
    "apps/mobile": {
      "name": "homesweethome",
      "version": "1.0.0",
      "extraneous": true,
      "dependencies": {
        "@expo/vector-icons": "^15.0.3",
        "@react-navigation/bottom-tabs": "^7.4.0",
        "@react-navigation/elements": "^2.6.3",
        "@react-navigation/native": "^7.1.8",
        "expo": "~54.0.25",
        "expo-constants": "~18.0.10",
        "expo-font": "~14.0.9",
        "expo-haptics": "~15.0.7",
        "expo-image": "~3.0.10",
        "expo-linking": "~8.0.9",
        "expo-router": "~6.0.15",
        "expo-splash-screen": "~31.0.11",
        "expo-status-bar": "~3.0.8",
        "expo-symbols": "~1.0.7",
        "expo-system-ui": "~6.0.8",
        "expo-web-browser": "~15.0.9",
        "react": "19.1.0",
        "react-dom": "19.1.0",
        "react-native": "0.81.5",
        "react-native-gesture-handler": "~2.28.0",
        "react-native-reanimated": "~4.1.1",
        "react-native-safe-area-context": "~5.6.0",
        "react-native-screens": "~4.16.0",
        "react-native-web": "~0.21.0",
        "react-native-worklets": "0.5.1"
      },
      "devDependencies": {
        "@types/react": "~19.1.0",
        "eslint": "^9.25.0",
        "eslint-config-expo": "~10.0.0",
        "typescript": "~5.9.2"
      }
    },
    "apps/web-admin": {
      "version": "0.0.0",
      "extraneous": true,
      "dependencies": {
        "react": "^19.2.0",
        "react-dom": "^19.2.0"
      },
      "devDependencies": {
        "@eslint/js": "^9.39.1",
        "@types/react": "^19.2.5",
        "@types/react-dom": "^19.2.3",
        "@vitejs/plugin-react": "^5.1.1",
        "eslint": "^9.39.1",
        "eslint-plugin-react-hooks": "^7.0.1",
        "eslint-plugin-react-refresh": "^0.4.24",
        "globals": "^16.5.0",
        "vite": "^7.2.4"
      }
    },
    "node_modules/turbo": {
      "version": "2.6.2",
      "resolved": "https://registry.npmjs.org/turbo/-/turbo-2.6.2.tgz",
      "integrity": "sha512-LiQAFS6iWvnY8ViGtoPgduWBeuGH9B32XR4p8H8jxU5PudwyHiiyf1jQW0fCC8gCCTz9itkIbqZLIyUu5AG33w==",
      "dev": true,
      "license": "MIT",
      "bin": {
        "turbo": "bin/turbo"
      },
      "optionalDependencies": {
        "turbo-darwin-64": "2.6.2",
        "turbo-darwin-arm64": "2.6.2",
        "turbo-linux-64": "2.6.2",
        "turbo-linux-arm64": "2.6.2",
        "turbo-windows-64": "2.6.2",
        "turbo-windows-arm64": "2.6.2"
      }
    },
    "node_modules/turbo-darwin-64": {
      "version": "2.6.2",
      "resolved": "https://registry.npmjs.org/turbo-darwin-64/-/turbo-darwin-64-2.6.2.tgz",
      "integrity": "sha512-nF9d/YAyrNkyXn9lp3ZtgXPb7fZsik3cUNe/sBvUO0G5YezUS/kDYYw77IdjizDzairz8pL2ITCTUreG2d5iZQ==",
      "cpu": [
        "x64"
      ],
      "dev": true,
      "license": "MIT",
      "optional": true,
      "os": [
        "darwin"
      ]
    },
    "node_modules/turbo-darwin-arm64": {
      "version": "2.6.2",
      "resolved": "https://registry.npmjs.org/turbo-darwin-arm64/-/turbo-darwin-arm64-2.6.2.tgz",
      "integrity": "sha512-mmm0jFaVramST26XE1Lk2qjkjvLJHOe9f3TFjqY+aByjMK/ZmKE5WFPuCWo4L3xhwx+16T37rdPP//76loB3oA==",
      "cpu": [
        "arm64"
      ],
      "dev": true,
      "license": "MIT",
      "optional": true,
      "os": [
        "darwin"
      ]
    },
    "node_modules/turbo-linux-64": {
      "version": "2.6.2",
      "resolved": "https://registry.npmjs.org/turbo-linux-64/-/turbo-linux-64-2.6.2.tgz",
      "integrity": "sha512-IUMHjkVRJDUABGpi+iS1Le59aOl5DX88U5UT/mKaE7nNEjG465+a8UtYno56cZnLP+C6BkX4I93LFgYf9syjGQ==",
      "cpu": [
        "x64"
      ],
      "dev": true,
      "license": "MIT",
      "optional": true,
      "os": [
        "linux"
      ]
    },
    "node_modules/turbo-linux-arm64": {
      "version": "2.6.2",
      "resolved": "https://registry.npmjs.org/turbo-linux-arm64/-/turbo-linux-arm64-2.6.2.tgz",
      "integrity": "sha512-0qQdZiimMUZj2Gfq87thYu0E02NaNcsB3lcEK/TD70Zzi7AxQoxye664Gis0Uao2j2L9/+05wC2btZ7SoFX3Gw==",
      "cpu": [
        "arm64"
      ],
      "dev": true,
      "license": "MIT",
      "optional": true,
      "os": [
        "linux"
      ]
    },
    "node_modules/turbo-windows-64": {
      "version": "2.6.2",
      "resolved": "https://registry.npmjs.org/turbo-windows-64/-/turbo-windows-64-2.6.2.tgz",
      "integrity": "sha512-BmMfFmt0VaoZL4NbtDq/dzGfjHsPoGU2+vFiZtkiYsttHY3fd/Dmgnu9PuRyJN1pv2M22q88rXO+dqYRHztLMw==",
      "cpu": [
        "x64"
      ],
      "dev": true,
      "license": "MIT",
      "optional": true,
      "os": [
        "win32"
      ]
    },
    "node_modules/turbo-windows-arm64": {
      "version": "2.6.2",
      "resolved": "https://registry.npmjs.org/turbo-windows-arm64/-/turbo-windows-arm64-2.6.2.tgz",
      "integrity": "sha512-0r4s4M/FgLxfjrdLPdqQUur8vZAtaWEi4jhkQ6wCIN2xzA9aee9IKwM53w7CQcjaLvWhT0AU7LTQHjFaHwxiKw==",
      "cpu": [
        "arm64"
      ],
      "dev": true,
      "license": "MIT",
      "optional": true,
      "os": [
        "win32"
      ]
    },
    "node_modules/typescript": {
      "version": "5.9.3",
      "resolved": "https://registry.npmjs.org/typescript/-/typescript-5.9.3.tgz",
      "integrity": "sha512-jl1vZzPDinLr9eUt3J/t7V6FgNEw9QjvBPdysz9KfQDD41fQrC2Y4vKQdiaUpFT4bXlb1RHhLpp8wtm6M5TgSw==",
      "dev": true,
      "license": "Apache-2.0",
      "bin": {
        "tsc": "bin/tsc",
        "tsserver": "bin/tsserver"
      },
      "engines": {
        "node": ">=14.17"
      }
    },
    "packages/shared": {
      "name": "@home-sweet-home/shared",
      "version": "1.0.0",
      "extraneous": true,
      "dependencies": {
        "@supabase/supabase-js": "^2.86.0"
      },
      "devDependencies": {
        "typescript": "^5.3.3"
      }
    }
  }
}
